
Microsoft Visual Studio Solution File, Format Version 12.00
# Visual Studio 14
VisualStudioVersion = 14.0.25420.1
MinimumVisualStudioVersion = 10.0.40219.1
Project("{8BC9CEB8-8B4A-11D0-8D11-00A0C91BC942}") = "ReverseString", "ReverseString\ReverseString.vcxproj", "{619FFE17-1B8A-4555-BC82-C150D4A723F3}"
EndProject
Project("{8BC9CEB8-8B4A-11D0-8D11-00A0C91BC942}") = "ReverseVowel", "ReverseVowel\ReverseVowel.vcxproj", "{6E14A9F1-D8CF-42BB-B18D-B1E3E7A2FFE6}"
EndProject
Project("{8BC9CEB8-8B4A-11D0-8D11-00A0C91BC942}") = "ConvertToBinaryString", "ConvertToBinaryString\ConvertToBinaryString.vcxproj", "{D1741C83-7653-43BF-B8B9-6EE31AA32B59}"
EndProject
Project("{8BC9CEB8-8B4A-11D0-8D11-00A0C91BC942}") = "addDigit", "addDigit\addDigit.vcxproj", "{31E41ED5-7D95-4E45-BDA8-CAC77868FC1B}"
EndProject
Project("{8BC9CEB8-8B4A-11D0-8D11-00A0C91BC942}") = "movingZeros", "movingZeros\movingZeros.vcxproj", "{1CDDCB97-40E5-4D88-BFFD-CB5FD3F07286}"
EndProject
Project("{8BC9CEB8-8B4A-11D0-8D11-00A0C91BC942}") = "IntersectionOfTwoArrays", "IntersectionOfTwoArrays\IntersectionOfTwoArrays.vcxproj", "{C86BD240-D5E7-4A7F-BB3E-9A34B467FA5C}"
EndProject
Project("{8BC9CEB8-8B4A-11D0-8D11-00A0C91BC942}") = "DeleteNode", "DeleteNode\DeleteNode.vcxproj", "{A917E44B-9D58-49E7-B997-96128B05ABD2}"
EndProject
Project("{8BC9CEB8-8B4A-11D0-8D11-00A0C91BC942}") = "SameTree", "SameTree\SameTree.vcxproj", "{D82B644A-017B-45A7-A132-1F4982BE98E7}"
EndProject
Project("{8BC9CEB8-8B4A-11D0-8D11-00A0C91BC942}") = "RansomNote", "RansomNote\RansomNote.vcxproj", "{225F25F8-45F8-47B8-9176-15DB29E14EC3}"
EndProject
Project("{8BC9CEB8-8B4A-11D0-8D11-00A0C91BC942}") = "ExcelSheetColumnHeader", "ExcelSheetColumnHeader\ExcelSheetColumnHeader.vcxproj", "{2A69409D-1562-44E8-B4BF-7757529525BE}"
EndProject
Project("{8BC9CEB8-8B4A-11D0-8D11-00A0C91BC942}") = "ValidAnagram", "ValidAnagram\ValidAnagram.vcxproj", "{DEA3365F-2C72-4108-A291-95B3B50FAF57}"
EndProject
Project("{8BC9CEB8-8B4A-11D0-8D11-00A0C91BC942}") = "FirstUniqueCharacter", "FirstUniqueCharacter\FirstUniqueCharacter.vcxproj", "{E77DFF90-E061-4FBD-BA72-22FBABE1F039}"
EndProject
Project("{8BC9CEB8-8B4A-11D0-8D11-00A0C91BC942}") = "MajorityElement", "MajorityElement\MajorityElement.vcxproj", "{2BAB8D6C-C33E-4422-8E44-B0D3D4215758}"
EndProject
Project("{8BC9CEB8-8B4A-11D0-8D11-00A0C91BC942}") = "ContainDuplicates", "ContainDuplicates\ContainDuplicates.vcxproj", "{4AEE93D7-0445-4093-AF11-5706138A881C}"
EndProject
Project("{8BC9CEB8-8B4A-11D0-8D11-00A0C91BC942}") = "IntersectionOfArrays2", "IntersectionOfArrays2\IntersectionOfArrays2.vcxproj", "{FD376806-DEBA-4617-9C06-67E4B07144F4}"
EndProject
Project("{8BC9CEB8-8B4A-11D0-8D11-00A0C91BC942}") = "SingleNumber", "SingleNumber\SingleNumber.vcxproj", "{C87ECCFC-6A58-4410-9249-92EF50829DA0}"
EndProject
Project("{8BC9CEB8-8B4A-11D0-8D11-00A0C91BC942}") = "Find The Difference", "Find The Difference\Find The Difference.vcxproj", "{8DF12545-4A57-48F6-A9F9-AE3AB1CFE23C}"
EndProject
Project("{8BC9CEB8-8B4A-11D0-8D11-00A0C91BC942}") = "Roman To Integer", "Roman To Integer\Roman To Integer.vcxproj", "{504273A5-3C5B-44A3-8A74-0C347194A0CE}"
EndProject
Project("{8BC9CEB8-8B4A-11D0-8D11-00A0C91BC942}") = "PowerOfThree", "PowerOfThree\PowerOfThree.vcxproj", "{72E79249-DAE8-4416-B2AD-1C4BC46ACC9A}"
EndProject
Project("{8BC9CEB8-8B4A-11D0-8D11-00A0C91BC942}") = "PowerOfTwo", "PowerOfTwo\PowerOfTwo.vcxproj", "{E03F2E05-8915-4AEB-9443-186B883E541D}"
EndProject
Project("{8BC9CEB8-8B4A-11D0-8D11-00A0C91BC942}") = "Happy Number", "Happy Number\Happy Number.vcxproj", "{777E3A6D-AF09-429B-9DB3-F8DC6377A47C}"
EndProject
Project("{8BC9CEB8-8B4A-11D0-8D11-00A0C91BC942}") = "Remove Duplicates from Linked List", "Remove Duplicates from Linked List\Remove Duplicates from Linked List.vcxproj", "{1F630EE6-0F91-4BC7-88FA-4E9491E21328}"
EndProject
Project("{8BC9CEB8-8B4A-11D0-8D11-00A0C91BC942}") = "HR_CompareTheTriplets", "HR_CompareTheTriplets\HR_CompareTheTriplets.vcxproj", "{6C299001-BA2E-423A-B1B7-FC8F37A184B1}"
EndProject
Project("{8BC9CEB8-8B4A-11D0-8D11-00A0C91BC942}") = "HR_CircularRotationArr", "HR_CircularRotationArr\HR_CircularRotationArr.vcxproj", "{9D834C15-65BB-4528-90D3-5D87814F17D2}"
EndProject
Project("{8BC9CEB8-8B4A-11D0-8D11-00A0C91BC942}") = "hr_kangaroo", "hr_kangaroo\hr_kangaroo.vcxproj", "{47C5A8FC-6EBE-4FFB-A803-9F01F0DC5BC4}"
EndProject
Project("{8BC9CEB8-8B4A-11D0-8D11-00A0C91BC942}") = "hr_divisiblesumpair", "hr_divisiblesumpair\hr_divisiblesumpair.vcxproj", "{5C4D14C3-4F71-4742-A574-9B047276EF2D}"
EndProject
Global
	GlobalSection(SolutionConfigurationPlatforms) = preSolution
		Debug|x64 = Debug|x64
		Debug|x86 = Debug|x86
		Release|x64 = Release|x64
		Release|x86 = Release|x86
	EndGlobalSection
	GlobalSection(ProjectConfigurationPlatforms) = postSolution
		{619FFE17-1B8A-4555-BC82-C150D4A723F3}.Debug|x64.ActiveCfg = Debug|x64
		{619FFE17-1B8A-4555-BC82-C150D4A723F3}.Debug|x64.Build.0 = Debug|x64
		{619FFE17-1B8A-4555-BC82-C150D4A723F3}.Debug|x86.ActiveCfg = Debug|Win32
		{619FFE17-1B8A-4555-BC82-C150D4A723F3}.Debug|x86.Build.0 = Debug|Win32
		{619FFE17-1B8A-4555-BC82-C150D4A723F3}.Release|x64.ActiveCfg = Release|x64
		{619FFE17-1B8A-4555-BC82-C150D4A723F3}.Release|x64.Build.0 = Release|x64
		{619FFE17-1B8A-4555-BC82-C150D4A723F3}.Release|x86.ActiveCfg = Release|Win32
		{619FFE17-1B8A-4555-BC82-C150D4A723F3}.Release|x86.Build.0 = Release|Win32
		{6E14A9F1-D8CF-42BB-B18D-B1E3E7A2FFE6}.Debug|x64.ActiveCfg = Debug|x64
		{6E14A9F1-D8CF-42BB-B18D-B1E3E7A2FFE6}.Debug|x64.Build.0 = Debug|x64
		{6E14A9F1-D8CF-42BB-B18D-B1E3E7A2FFE6}.Debug|x86.ActiveCfg = Debug|Win32
		{6E14A9F1-D8CF-42BB-B18D-B1E3E7A2FFE6}.Debug|x86.Build.0 = Debug|Win32
		{6E14A9F1-D8CF-42BB-B18D-B1E3E7A2FFE6}.Release|x64.ActiveCfg = Release|x64
		{6E14A9F1-D8CF-42BB-B18D-B1E3E7A2FFE6}.Release|x64.Build.0 = Release|x64
		{6E14A9F1-D8CF-42BB-B18D-B1E3E7A2FFE6}.Release|x86.ActiveCfg = Release|Win32
		{6E14A9F1-D8CF-42BB-B18D-B1E3E7A2FFE6}.Release|x86.Build.0 = Release|Win32
		{D1741C83-7653-43BF-B8B9-6EE31AA32B59}.Debug|x64.ActiveCfg = Debug|x64
		{D1741C83-7653-43BF-B8B9-6EE31AA32B59}.Debug|x64.Build.0 = Debug|x64
		{D1741C83-7653-43BF-B8B9-6EE31AA32B59}.Debug|x86.ActiveCfg = Debug|Win32
		{D1741C83-7653-43BF-B8B9-6EE31AA32B59}.Debug|x86.Build.0 = Debug|Win32
		{D1741C83-7653-43BF-B8B9-6EE31AA32B59}.Release|x64.ActiveCfg = Release|x64
		{D1741C83-7653-43BF-B8B9-6EE31AA32B59}.Release|x64.Build.0 = Release|x64
		{D1741C83-7653-43BF-B8B9-6EE31AA32B59}.Release|x86.ActiveCfg = Release|Win32
		{D1741C83-7653-43BF-B8B9-6EE31AA32B59}.Release|x86.Build.0 = Release|Win32
		{31E41ED5-7D95-4E45-BDA8-CAC77868FC1B}.Debug|x64.ActiveCfg = Debug|x64
		{31E41ED5-7D95-4E45-BDA8-CAC77868FC1B}.Debug|x64.Build.0 = Debug|x64
		{31E41ED5-7D95-4E45-BDA8-CAC77868FC1B}.Debug|x86.ActiveCfg = Debug|Win32
		{31E41ED5-7D95-4E45-BDA8-CAC77868FC1B}.Debug|x86.Build.0 = Debug|Win32
		{31E41ED5-7D95-4E45-BDA8-CAC77868FC1B}.Release|x64.ActiveCfg = Release|x64
		{31E41ED5-7D95-4E45-BDA8-CAC77868FC1B}.Release|x64.Build.0 = Release|x64
		{31E41ED5-7D95-4E45-BDA8-CAC77868FC1B}.Release|x86.ActiveCfg = Release|Win32
		{31E41ED5-7D95-4E45-BDA8-CAC77868FC1B}.Release|x86.Build.0 = Release|Win32
		{1CDDCB97-40E5-4D88-BFFD-CB5FD3F07286}.Debug|x64.ActiveCfg = Debug|x64
		{1CDDCB97-40E5-4D88-BFFD-CB5FD3F07286}.Debug|x64.Build.0 = Debug|x64
		{1CDDCB97-40E5-4D88-BFFD-CB5FD3F07286}.Debug|x86.ActiveCfg = Debug|Win32
		{1CDDCB97-40E5-4D88-BFFD-CB5FD3F07286}.Debug|x86.Build.0 = Debug|Win32
		{1CDDCB97-40E5-4D88-BFFD-CB5FD3F07286}.Release|x64.ActiveCfg = Release|x64
		{1CDDCB97-40E5-4D88-BFFD-CB5FD3F07286}.Release|x64.Build.0 = Release|x64
		{1CDDCB97-40E5-4D88-BFFD-CB5FD3F07286}.Release|x86.ActiveCfg = Release|Win32
		{1CDDCB97-40E5-4D88-BFFD-CB5FD3F07286}.Release|x86.Build.0 = Release|Win32
		{C86BD240-D5E7-4A7F-BB3E-9A34B467FA5C}.Debug|x64.ActiveCfg = Debug|x64
		{C86BD240-D5E7-4A7F-BB3E-9A34B467FA5C}.Debug|x64.Build.0 = Debug|x64
		{C86BD240-D5E7-4A7F-BB3E-9A34B467FA5C}.Debug|x86.ActiveCfg = Debug|Win32
		{C86BD240-D5E7-4A7F-BB3E-9A34B467FA5C}.Debug|x86.Build.0 = Debug|Win32
		{C86BD240-D5E7-4A7F-BB3E-9A34B467FA5C}.Release|x64.ActiveCfg = Release|x64
		{C86BD240-D5E7-4A7F-BB3E-9A34B467FA5C}.Release|x64.Build.0 = Release|x64
		{C86BD240-D5E7-4A7F-BB3E-9A34B467FA5C}.Release|x86.ActiveCfg = Release|Win32
		{C86BD240-D5E7-4A7F-BB3E-9A34B467FA5C}.Release|x86.Build.0 = Release|Win32
		{A917E44B-9D58-49E7-B997-96128B05ABD2}.Debug|x64.ActiveCfg = Debug|x64
		{A917E44B-9D58-49E7-B997-96128B05ABD2}.Debug|x64.Build.0 = Debug|x64
		{A917E44B-9D58-49E7-B997-96128B05ABD2}.Debug|x86.ActiveCfg = Debug|Win32
		{A917E44B-9D58-49E7-B997-96128B05ABD2}.Debug|x86.Build.0 = Debug|Win32
		{A917E44B-9D58-49E7-B997-96128B05ABD2}.Release|x64.ActiveCfg = Release|x64
		{A917E44B-9D58-49E7-B997-96128B05ABD2}.Release|x64.Build.0 = Release|x64
		{A917E44B-9D58-49E7-B997-96128B05ABD2}.Release|x86.ActiveCfg = Release|Win32
		{A917E44B-9D58-49E7-B997-96128B05ABD2}.Release|x86.Build.0 = Release|Win32
		{D82B644A-017B-45A7-A132-1F4982BE98E7}.Debug|x64.ActiveCfg = Debug|x64
		{D82B644A-017B-45A7-A132-1F4982BE98E7}.Debug|x64.Build.0 = Debug|x64
		{D82B644A-017B-45A7-A132-1F4982BE98E7}.Debug|x86.ActiveCfg = Debug|Win32
		{D82B644A-017B-45A7-A132-1F4982BE98E7}.Debug|x86.Build.0 = Debug|Win32
		{D82B644A-017B-45A7-A132-1F4982BE98E7}.Release|x64.ActiveCfg = Release|x64
		{D82B644A-017B-45A7-A132-1F4982BE98E7}.Release|x64.Build.0 = Release|x64
		{D82B644A-017B-45A7-A132-1F4982BE98E7}.Release|x86.ActiveCfg = Release|Win32
		{D82B644A-017B-45A7-A132-1F4982BE98E7}.Release|x86.Build.0 = Release|Win32
		{225F25F8-45F8-47B8-9176-15DB29E14EC3}.Debug|x64.ActiveCfg = Debug|x64
		{225F25F8-45F8-47B8-9176-15DB29E14EC3}.Debug|x64.Build.0 = Debug|x64
		{225F25F8-45F8-47B8-9176-15DB29E14EC3}.Debug|x86.ActiveCfg = Debug|Win32
		{225F25F8-45F8-47B8-9176-15DB29E14EC3}.Debug|x86.Build.0 = Debug|Win32
		{225F25F8-45F8-47B8-9176-15DB29E14EC3}.Release|x64.ActiveCfg = Release|x64
		{225F25F8-45F8-47B8-9176-15DB29E14EC3}.Release|x64.Build.0 = Release|x64
		{225F25F8-45F8-47B8-9176-15DB29E14EC3}.Release|x86.ActiveCfg = Release|Win32
		{225F25F8-45F8-47B8-9176-15DB29E14EC3}.Release|x86.Build.0 = Release|Win32
		{2A69409D-1562-44E8-B4BF-7757529525BE}.Debug|x64.ActiveCfg = Debug|x64
		{2A69409D-1562-44E8-B4BF-7757529525BE}.Debug|x64.Build.0 = Debug|x64
		{2A69409D-1562-44E8-B4BF-7757529525BE}.Debug|x86.ActiveCfg = Debug|Win32
		{2A69409D-1562-44E8-B4BF-7757529525BE}.Debug|x86.Build.0 = Debug|Win32
		{2A69409D-1562-44E8-B4BF-7757529525BE}.Release|x64.ActiveCfg = Release|x64
		{2A69409D-1562-44E8-B4BF-7757529525BE}.Release|x64.Build.0 = Release|x64
		{2A69409D-1562-44E8-B4BF-7757529525BE}.Release|x86.ActiveCfg = Release|Win32
		{2A69409D-1562-44E8-B4BF-7757529525BE}.Release|x86.Build.0 = Release|Win32
		{DEA3365F-2C72-4108-A291-95B3B50FAF57}.Debug|x64.ActiveCfg = Debug|x64
		{DEA3365F-2C72-4108-A291-95B3B50FAF57}.Debug|x64.Build.0 = Debug|x64
		{DEA3365F-2C72-4108-A291-95B3B50FAF57}.Debug|x86.ActiveCfg = Debug|Win32
		{DEA3365F-2C72-4108-A291-95B3B50FAF57}.Debug|x86.Build.0 = Debug|Win32
		{DEA3365F-2C72-4108-A291-95B3B50FAF57}.Release|x64.ActiveCfg = Release|x64
		{DEA3365F-2C72-4108-A291-95B3B50FAF57}.Release|x64.Build.0 = Release|x64
		{DEA3365F-2C72-4108-A291-95B3B50FAF57}.Release|x86.ActiveCfg = Release|Win32
		{DEA3365F-2C72-4108-A291-95B3B50FAF57}.Release|x86.Build.0 = Release|Win32
		{E77DFF90-E061-4FBD-BA72-22FBABE1F039}.Debug|x64.ActiveCfg = Debug|x64
		{E77DFF90-E061-4FBD-BA72-22FBABE1F039}.Debug|x64.Build.0 = Debug|x64
		{E77DFF90-E061-4FBD-BA72-22FBABE1F039}.Debug|x86.ActiveCfg = Debug|Win32
		{E77DFF90-E061-4FBD-BA72-22FBABE1F039}.Debug|x86.Build.0 = Debug|Win32
		{E77DFF90-E061-4FBD-BA72-22FBABE1F039}.Release|x64.ActiveCfg = Release|x64
		{E77DFF90-E061-4FBD-BA72-22FBABE1F039}.Release|x64.Build.0 = Release|x64
		{E77DFF90-E061-4FBD-BA72-22FBABE1F039}.Release|x86.ActiveCfg = Release|Win32
		{E77DFF90-E061-4FBD-BA72-22FBABE1F039}.Release|x86.Build.0 = Release|Win32
		{2BAB8D6C-C33E-4422-8E44-B0D3D4215758}.Debug|x64.ActiveCfg = Debug|x64
		{2BAB8D6C-C33E-4422-8E44-B0D3D4215758}.Debug|x64.Build.0 = Debug|x64
		{2BAB8D6C-C33E-4422-8E44-B0D3D4215758}.Debug|x86.ActiveCfg = Debug|Win32
		{2BAB8D6C-C33E-4422-8E44-B0D3D4215758}.Debug|x86.Build.0 = Debug|Win32
		{2BAB8D6C-C33E-4422-8E44-B0D3D4215758}.Release|x64.ActiveCfg = Release|x64
		{2BAB8D6C-C33E-4422-8E44-B0D3D4215758}.Release|x64.Build.0 = Release|x64
		{2BAB8D6C-C33E-4422-8E44-B0D3D4215758}.Release|x86.ActiveCfg = Release|Win32
		{2BAB8D6C-C33E-4422-8E44-B0D3D4215758}.Release|x86.Build.0 = Release|Win32
		{4AEE93D7-0445-4093-AF11-5706138A881C}.Debug|x64.ActiveCfg = Debug|x64
		{4AEE93D7-0445-4093-AF11-5706138A881C}.Debug|x64.Build.0 = Debug|x64
		{4AEE93D7-0445-4093-AF11-5706138A881C}.Debug|x86.ActiveCfg = Debug|Win32
		{4AEE93D7-0445-4093-AF11-5706138A881C}.Debug|x86.Build.0 = Debug|Win32
		{4AEE93D7-0445-4093-AF11-5706138A881C}.Release|x64.ActiveCfg = Release|x64
		{4AEE93D7-0445-4093-AF11-5706138A881C}.Release|x64.Build.0 = Release|x64
		{4AEE93D7-0445-4093-AF11-5706138A881C}.Release|x86.ActiveCfg = Release|Win32
		{4AEE93D7-0445-4093-AF11-5706138A881C}.Release|x86.Build.0 = Release|Win32
		{FD376806-DEBA-4617-9C06-67E4B07144F4}.Debug|x64.ActiveCfg = Debug|x64
		{FD376806-DEBA-4617-9C06-67E4B07144F4}.Debug|x64.Build.0 = Debug|x64
		{FD376806-DEBA-4617-9C06-67E4B07144F4}.Debug|x86.ActiveCfg = Debug|Win32
		{FD376806-DEBA-4617-9C06-67E4B07144F4}.Debug|x86.Build.0 = Debug|Win32
		{FD376806-DEBA-4617-9C06-67E4B07144F4}.Release|x64.ActiveCfg = Release|x64
		{FD376806-DEBA-4617-9C06-67E4B07144F4}.Release|x64.Build.0 = Release|x64
		{FD376806-DEBA-4617-9C06-67E4B07144F4}.Release|x86.ActiveCfg = Release|Win32
		{FD376806-DEBA-4617-9C06-67E4B07144F4}.Release|x86.Build.0 = Release|Win32
		{C87ECCFC-6A58-4410-9249-92EF50829DA0}.Debug|x64.ActiveCfg = Debug|x64
		{C87ECCFC-6A58-4410-9249-92EF50829DA0}.Debug|x64.Build.0 = Debug|x64
		{C87ECCFC-6A58-4410-9249-92EF50829DA0}.Debug|x86.ActiveCfg = Debug|Win32
		{C87ECCFC-6A58-4410-9249-92EF50829DA0}.Debug|x86.Build.0 = Debug|Win32
		{C87ECCFC-6A58-4410-9249-92EF50829DA0}.Release|x64.ActiveCfg = Release|x64
		{C87ECCFC-6A58-4410-9249-92EF50829DA0}.Release|x64.Build.0 = Release|x64
		{C87ECCFC-6A58-4410-9249-92EF50829DA0}.Release|x86.ActiveCfg = Release|Win32
		{C87ECCFC-6A58-4410-9249-92EF50829DA0}.Release|x86.Build.0 = Release|Win32
		{8DF12545-4A57-48F6-A9F9-AE3AB1CFE23C}.Debug|x64.ActiveCfg = Debug|x64
		{8DF12545-4A57-48F6-A9F9-AE3AB1CFE23C}.Debug|x64.Build.0 = Debug|x64
		{8DF12545-4A57-48F6-A9F9-AE3AB1CFE23C}.Debug|x86.ActiveCfg = Debug|Win32
		{8DF12545-4A57-48F6-A9F9-AE3AB1CFE23C}.Debug|x86.Build.0 = Debug|Win32
		{8DF12545-4A57-48F6-A9F9-AE3AB1CFE23C}.Release|x64.ActiveCfg = Release|x64
		{8DF12545-4A57-48F6-A9F9-AE3AB1CFE23C}.Release|x64.Build.0 = Release|x64
		{8DF12545-4A57-48F6-A9F9-AE3AB1CFE23C}.Release|x86.ActiveCfg = Release|Win32
		{8DF12545-4A57-48F6-A9F9-AE3AB1CFE23C}.Release|x86.Build.0 = Release|Win32
		{504273A5-3C5B-44A3-8A74-0C347194A0CE}.Debug|x64.ActiveCfg = Debug|x64
		{504273A5-3C5B-44A3-8A74-0C347194A0CE}.Debug|x64.Build.0 = Debug|x64
		{504273A5-3C5B-44A3-8A74-0C347194A0CE}.Debug|x86.ActiveCfg = Debug|Win32
		{504273A5-3C5B-44A3-8A74-0C347194A0CE}.Debug|x86.Build.0 = Debug|Win32
		{504273A5-3C5B-44A3-8A74-0C347194A0CE}.Release|x64.ActiveCfg = Release|x64
		{504273A5-3C5B-44A3-8A74-0C347194A0CE}.Release|x64.Build.0 = Release|x64
		{504273A5-3C5B-44A3-8A74-0C347194A0CE}.Release|x86.ActiveCfg = Release|Win32
		{504273A5-3C5B-44A3-8A74-0C347194A0CE}.Release|x86.Build.0 = Release|Win32
		{72E79249-DAE8-4416-B2AD-1C4BC46ACC9A}.Debug|x64.ActiveCfg = Debug|x64
		{72E79249-DAE8-4416-B2AD-1C4BC46ACC9A}.Debug|x64.Build.0 = Debug|x64
		{72E79249-DAE8-4416-B2AD-1C4BC46ACC9A}.Debug|x86.ActiveCfg = Debug|Win32
		{72E79249-DAE8-4416-B2AD-1C4BC46ACC9A}.Debug|x86.Build.0 = Debug|Win32
		{72E79249-DAE8-4416-B2AD-1C4BC46ACC9A}.Release|x64.ActiveCfg = Release|x64
		{72E79249-DAE8-4416-B2AD-1C4BC46ACC9A}.Release|x64.Build.0 = Release|x64
		{72E79249-DAE8-4416-B2AD-1C4BC46ACC9A}.Release|x86.ActiveCfg = Release|Win32
		{72E79249-DAE8-4416-B2AD-1C4BC46ACC9A}.Release|x86.Build.0 = Release|Win32
		{E03F2E05-8915-4AEB-9443-186B883E541D}.Debug|x64.ActiveCfg = Debug|x64
		{E03F2E05-8915-4AEB-9443-186B883E541D}.Debug|x64.Build.0 = Debug|x64
		{E03F2E05-8915-4AEB-9443-186B883E541D}.Debug|x86.ActiveCfg = Debug|Win32
		{E03F2E05-8915-4AEB-9443-186B883E541D}.Debug|x86.Build.0 = Debug|Win32
		{E03F2E05-8915-4AEB-9443-186B883E541D}.Release|x64.ActiveCfg = Release|x64
		{E03F2E05-8915-4AEB-9443-186B883E541D}.Release|x64.Build.0 = Release|x64
		{E03F2E05-8915-4AEB-9443-186B883E541D}.Release|x86.ActiveCfg = Release|Win32
		{E03F2E05-8915-4AEB-9443-186B883E541D}.Release|x86.Build.0 = Release|Win32
		{777E3A6D-AF09-429B-9DB3-F8DC6377A47C}.Debug|x64.ActiveCfg = Debug|x64
		{777E3A6D-AF09-429B-9DB3-F8DC6377A47C}.Debug|x64.Build.0 = Debug|x64
		{777E3A6D-AF09-429B-9DB3-F8DC6377A47C}.Debug|x86.ActiveCfg = Debug|Win32
		{777E3A6D-AF09-429B-9DB3-F8DC6377A47C}.Debug|x86.Build.0 = Debug|Win32
		{777E3A6D-AF09-429B-9DB3-F8DC6377A47C}.Release|x64.ActiveCfg = Release|x64
		{777E3A6D-AF09-429B-9DB3-F8DC6377A47C}.Release|x64.Build.0 = Release|x64
		{777E3A6D-AF09-429B-9DB3-F8DC6377A47C}.Release|x86.ActiveCfg = Release|Win32
		{777E3A6D-AF09-429B-9DB3-F8DC6377A47C}.Release|x86.Build.0 = Release|Win32
		{1F630EE6-0F91-4BC7-88FA-4E9491E21328}.Debug|x64.ActiveCfg = Debug|x64
		{1F630EE6-0F91-4BC7-88FA-4E9491E21328}.Debug|x64.Build.0 = Debug|x64
		{1F630EE6-0F91-4BC7-88FA-4E9491E21328}.Debug|x86.ActiveCfg = Debug|Win32
		{1F630EE6-0F91-4BC7-88FA-4E9491E21328}.Debug|x86.Build.0 = Debug|Win32
		{1F630EE6-0F91-4BC7-88FA-4E9491E21328}.Release|x64.ActiveCfg = Release|x64
		{1F630EE6-0F91-4BC7-88FA-4E9491E21328}.Release|x64.Build.0 = Release|x64
		{1F630EE6-0F91-4BC7-88FA-4E9491E21328}.Release|x86.ActiveCfg = Release|Win32
		{1F630EE6-0F91-4BC7-88FA-4E9491E21328}.Release|x86.Build.0 = Release|Win32
		{6C299001-BA2E-423A-B1B7-FC8F37A184B1}.Debug|x64.ActiveCfg = Debug|x64
		{6C299001-BA2E-423A-B1B7-FC8F37A184B1}.Debug|x64.Build.0 = Debug|x64
		{6C299001-BA2E-423A-B1B7-FC8F37A184B1}.Debug|x86.ActiveCfg = Debug|Win32
		{6C299001-BA2E-423A-B1B7-FC8F37A184B1}.Debug|x86.Build.0 = Debug|Win32
		{6C299001-BA2E-423A-B1B7-FC8F37A184B1}.Release|x64.ActiveCfg = Release|x64
		{6C299001-BA2E-423A-B1B7-FC8F37A184B1}.Release|x64.Build.0 = Release|x64
		{6C299001-BA2E-423A-B1B7-FC8F37A184B1}.Release|x86.ActiveCfg = Release|Win32
		{6C299001-BA2E-423A-B1B7-FC8F37A184B1}.Release|x86.Build.0 = Release|Win32
		{9D834C15-65BB-4528-90D3-5D87814F17D2}.Debug|x64.ActiveCfg = Debug|x64
		{9D834C15-65BB-4528-90D3-5D87814F17D2}.Debug|x64.Build.0 = Debug|x64
		{9D834C15-65BB-4528-90D3-5D87814F17D2}.Debug|x86.ActiveCfg = Debug|Win32
		{9D834C15-65BB-4528-90D3-5D87814F17D2}.Debug|x86.Build.0 = Debug|Win32
		{9D834C15-65BB-4528-90D3-5D87814F17D2}.Release|x64.ActiveCfg = Release|x64
		{9D834C15-65BB-4528-90D3-5D87814F17D2}.Release|x64.Build.0 = Release|x64
		{9D834C15-65BB-4528-90D3-5D87814F17D2}.Release|x86.ActiveCfg = Release|Win32
		{9D834C15-65BB-4528-90D3-5D87814F17D2}.Release|x86.Build.0 = Release|Win32
		{47C5A8FC-6EBE-4FFB-A803-9F01F0DC5BC4}.Debug|x64.ActiveCfg = Debug|x64
		{47C5A8FC-6EBE-4FFB-A803-9F01F0DC5BC4}.Debug|x64.Build.0 = Debug|x64
		{47C5A8FC-6EBE-4FFB-A803-9F01F0DC5BC4}.Debug|x86.ActiveCfg = Debug|Win32
		{47C5A8FC-6EBE-4FFB-A803-9F01F0DC5BC4}.Debug|x86.Build.0 = Debug|Win32
		{47C5A8FC-6EBE-4FFB-A803-9F01F0DC5BC4}.Release|x64.ActiveCfg = Release|x64
		{47C5A8FC-6EBE-4FFB-A803-9F01F0DC5BC4}.Release|x64.Build.0 = Release|x64
		{47C5A8FC-6EBE-4FFB-A803-9F01F0DC5BC4}.Release|x86.ActiveCfg = Release|Win32
		{47C5A8FC-6EBE-4FFB-A803-9F01F0DC5BC4}.Release|x86.Build.0 = Release|Win32
		{5C4D14C3-4F71-4742-A574-9B047276EF2D}.Debug|x64.ActiveCfg = Debug|x64
		{5C4D14C3-4F71-4742-A574-9B047276EF2D}.Debug|x64.Build.0 = Debug|x64
		{5C4D14C3-4F71-4742-A574-9B047276EF2D}.Debug|x86.ActiveCfg = Debug|Win32
		{5C4D14C3-4F71-4742-A574-9B047276EF2D}.Debug|x86.Build.0 = Debug|Win32
		{5C4D14C3-4F71-4742-A574-9B047276EF2D}.Release|x64.ActiveCfg = Release|x64
		{5C4D14C3-4F71-4742-A574-9B047276EF2D}.Release|x64.Build.0 = Release|x64
		{5C4D14C3-4F71-4742-A574-9B047276EF2D}.Release|x86.ActiveCfg = Release|Win32
		{5C4D14C3-4F71-4742-A574-9B047276EF2D}.Release|x86.Build.0 = Release|Win32
	EndGlobalSection
	GlobalSection(SolutionProperties) = preSolution
		HideSolutionNode = FALSE
	EndGlobalSection
EndGlobal
